// !$*UTF8*$!
{
	archiveVersion = 1;
	classes = {
	};
	objectVersion = 50;
	objects = {

/* Begin PBXBuildFile section */
		5C4DC323214D53D1002777EC /* AppDelegate.m in Sources */ = {isa = PBXBuildFile; fileRef = 5C4DC322214D53D1002777EC /* AppDelegate.m */; };
		5C4DC326214D53D1002777EC /* ViewController.m in Sources */ = {isa = PBXBuildFile; fileRef = 5C4DC325214D53D1002777EC /* ViewController.m */; };
		5C4DC329214D53D1002777EC /* Main.storyboard in Resources */ = {isa = PBXBuildFile; fileRef = 5C4DC327214D53D1002777EC /* Main.storyboard */; };
		5C4DC32B214D53D3002777EC /* Assets.xcassets in Resources */ = {isa = PBXBuildFile; fileRef = 5C4DC32A214D53D3002777EC /* Assets.xcassets */; };
		5C4DC32E214D53D3002777EC /* LaunchScreen.storyboard in Resources */ = {isa = PBXBuildFile; fileRef = 5C4DC32C214D53D3002777EC /* LaunchScreen.storyboard */; };
		5C4DC331214D53D3002777EC /* main.m in Sources */ = {isa = PBXBuildFile; fileRef = 5C4DC330214D53D3002777EC /* main.m */; };
		5C4DC340214D60E9002777EC /* LLExampleViewController.m in Sources */ = {isa = PBXBuildFile; fileRef = 5C4DC33F214D60E9002777EC /* LLExampleViewController.m */; };
		5C4DC344214D61AC002777EC /* LLExampleBasicView.m in Sources */ = {isa = PBXBuildFile; fileRef = 5C4DC343214D61AC002777EC /* LLExampleBasicView.m */; };
		5C4DC347214D71CD002777EC /* LLExampleUpdateView.m in Sources */ = {isa = PBXBuildFile; fileRef = 5C4DC346214D71CD002777EC /* LLExampleUpdateView.m */; };
		5C4DC34E214DEC43002777EC /* LLExampleRemakeView.m in Sources */ = {isa = PBXBuildFile; fileRef = 5C4DC34D214DEC43002777EC /* LLExampleRemakeView.m */; };
		5CF06D80218C08DB008DE60D /* UIView+Layout.m in Sources */ = {isa = PBXBuildFile; fileRef = 5CF06D7E218C08DB008DE60D /* UIView+Layout.m */; };
/* End PBXBuildFile section */

/* Begin PBXFileReference section */
		5C4DC31E214D53D1002777EC /* ViewLayout.app */ = {isa = PBXFileReference; explicitFileType = wrapper.application; includeInIndex = 0; path = ViewLayout.app; sourceTree = BUILT_PRODUCTS_DIR; };
		5C4DC321214D53D1002777EC /* AppDelegate.h */ = {isa = PBXFileReference; lastKnownFileType = sourcecode.c.h; path = AppDelegate.h; sourceTree = "<group>"; };
		5C4DC322214D53D1002777EC /* AppDelegate.m */ = {isa = PBXFileReference; lastKnownFileType = sourcecode.c.objc; path = AppDelegate.m; sourceTree = "<group>"; };
		5C4DC324214D53D1002777EC /* ViewController.h */ = {isa = PBXFileReference; lastKnownFileType = sourcecode.c.h; path = ViewController.h; sourceTree = "<group>"; };
		5C4DC325214D53D1002777EC /* ViewController.m */ = {isa = PBXFileReference; lastKnownFileType = sourcecode.c.objc; path = ViewController.m; sourceTree = "<group>"; };
		5C4DC328214D53D1002777EC /* Base */ = {isa = PBXFileReference; lastKnownFileType = file.storyboard; name = Base; path = Base.lproj/Main.storyboard; sourceTree = "<group>"; };
		5C4DC32A214D53D3002777EC /* Assets.xcassets */ = {isa = PBXFileReference; lastKnownFileType = folder.assetcatalog; path = Assets.xcassets; sourceTree = "<group>"; };
		5C4DC32D214D53D3002777EC /* Base */ = {isa = PBXFileReference; lastKnownFileType = file.storyboard; name = Base; path = Base.lproj/LaunchScreen.storyboard; sourceTree = "<group>"; };
		5C4DC32F214D53D3002777EC /* Info.plist */ = {isa = PBXFileReference; lastKnownFileType = text.plist.xml; path = Info.plist; sourceTree = "<group>"; };
		5C4DC330214D53D3002777EC /* main.m */ = {isa = PBXFileReference; lastKnownFileType = sourcecode.c.objc; path = main.m; sourceTree = "<group>"; };
		5C4DC33E214D60E9002777EC /* LLExampleViewController.h */ = {isa = PBXFileReference; lastKnownFileType = sourcecode.c.h; path = LLExampleViewController.h; sourceTree = "<group>"; };
		5C4DC33F214D60E9002777EC /* LLExampleViewController.m */ = {isa = PBXFileReference; lastKnownFileType = sourcecode.c.objc; path = LLExampleViewController.m; sourceTree = "<group>"; };
		5C4DC342214D61AC002777EC /* LLExampleBasicView.h */ = {isa = PBXFileReference; lastKnownFileType = sourcecode.c.h; path = LLExampleBasicView.h; sourceTree = "<group>"; };
		5C4DC343214D61AC002777EC /* LLExampleBasicView.m */ = {isa = PBXFileReference; lastKnownFileType = sourcecode.c.objc; path = LLExampleBasicView.m; sourceTree = "<group>"; };
		5C4DC345214D71CD002777EC /* LLExampleUpdateView.h */ = {isa = PBXFileReference; lastKnownFileType = sourcecode.c.h; path = LLExampleUpdateView.h; sourceTree = "<group>"; };
		5C4DC346214D71CD002777EC /* LLExampleUpdateView.m */ = {isa = PBXFileReference; lastKnownFileType = sourcecode.c.objc; path = LLExampleUpdateView.m; sourceTree = "<group>"; };
		5C4DC34C214DEC43002777EC /* LLExampleRemakeView.h */ = {isa = PBXFileReference; lastKnownFileType = sourcecode.c.h; path = LLExampleRemakeView.h; sourceTree = "<group>"; };
		5C4DC34D214DEC43002777EC /* LLExampleRemakeView.m */ = {isa = PBXFileReference; lastKnownFileType = sourcecode.c.objc; path = LLExampleRemakeView.m; sourceTree = "<group>"; };
		5CF06D7E218C08DB008DE60D /* UIView+Layout.m */ = {isa = PBXFileReference; fileEncoding = 4; lastKnownFileType = sourcecode.c.objc; path = "UIView+Layout.m"; sourceTree = "<group>"; };
		5CF06D7F218C08DB008DE60D /* UIView+Layout.h */ = {isa = PBXFileReference; fileEncoding = 4; lastKnownFileType = sourcecode.c.h; path = "UIView+Layout.h"; sourceTree = "<group>"; };
		5CF06D81218C0984008DE60D /* ViewLayout.podspec */ = {isa = PBXFileReference; lastKnownFileType = text; name = ViewLayout.podspec; path = ../../ViewLayout.podspec; sourceTree = "<group>"; };
/* End PBXFileReference section */

/* Begin PBXFrameworksBuildPhase section */
		5C4DC31B214D53D1002777EC /* Frameworks */ = {
			isa = PBXFrameworksBuildPhase;
			buildActionMask = 2147483647;
			files = (
			);
			runOnlyForDeploymentPostprocessing = 0;
		};
/* End PBXFrameworksBuildPhase section */

/* Begin PBXGroup section */
		5C4DC315214D53D1002777EC = {
			isa = PBXGroup;
			children = (
				5C4DC320214D53D1002777EC /* ViewLayout */,
				5C4DC31F214D53D1002777EC /* Products */,
			);
			sourceTree = "<group>";
		};
		5C4DC31F214D53D1002777EC /* Products */ = {
			isa = PBXGroup;
			children = (
				5C4DC31E214D53D1002777EC /* ViewLayout.app */,
			);
			name = Products;
			sourceTree = "<group>";
		};
		5C4DC320214D53D1002777EC /* ViewLayout */ = {
			isa = PBXGroup;
			children = (
				5CF06D81218C0984008DE60D /* ViewLayout.podspec */,
				5CF06D7D218C08DB008DE60D /* ViewLayout */,
				5C4DC321214D53D1002777EC /* AppDelegate.h */,
				5C4DC322214D53D1002777EC /* AppDelegate.m */,
				5C4DC324214D53D1002777EC /* ViewController.h */,
				5C4DC325214D53D1002777EC /* ViewController.m */,
				5C4DC33E214D60E9002777EC /* LLExampleViewController.h */,
				5C4DC33F214D60E9002777EC /* LLExampleViewController.m */,
				5C4DC341214D6197002777EC /* Views */,
				5C4DC327214D53D1002777EC /* Main.storyboard */,
				5C4DC32A214D53D3002777EC /* Assets.xcassets */,
				5C4DC32C214D53D3002777EC /* LaunchScreen.storyboard */,
				5C4DC32F214D53D3002777EC /* Info.plist */,
				5C4DC330214D53D3002777EC /* main.m */,
			);
			path = ViewLayout;
			sourceTree = "<group>";
		};
		5C4DC341214D6197002777EC /* Views */ = {
			isa = PBXGroup;
			children = (
				5C4DC342214D61AC002777EC /* LLExampleBasicView.h */,
				5C4DC343214D61AC002777EC /* LLExampleBasicView.m */,
				5C4DC345214D71CD002777EC /* LLExampleUpdateView.h */,
				5C4DC346214D71CD002777EC /* LLExampleUpdateView.m */,
				5C4DC34C214DEC43002777EC /* LLExampleRemakeView.h */,
				5C4DC34D214DEC43002777EC /* LLExampleRemakeView.m */,
			);
			path = Views;
			sourceTree = "<group>";
		};
		5CF06D7D218C08DB008DE60D /* ViewLayout */ = {
			isa = PBXGroup;
			children = (
				5CF06D7F218C08DB008DE60D /* UIView+Layout.h */,
				5CF06D7E218C08DB008DE60D /* UIView+Layout.m */,
			);
			name = ViewLayout;
			path = ../../ViewLayout;
			sourceTree = "<group>";
		};
/* End PBXGroup section */

/* Begin PBXNativeTarget section */
		5C4DC31D214D53D1002777EC /* ViewLayout */ = {
			isa = PBXNativeTarget;
			buildConfigurationList = 5C4DC334214D53D3002777EC /* Build configuration list for PBXNativeTarget "ViewLayout" */;
			buildPhases = (
				5C4DC31A214D53D1002777EC /* Sources */,
				5C4DC31B214D53D1002777EC /* Frameworks */,
				5C4DC31C214D53D1002777EC /* Resources */,
			);
			buildRules = (
			);
			dependencies = (
			);
			name = ViewLayout;
			productName = ViewLayout;
			productReference = 5C4DC31E214D53D1002777EC /* ViewLayout.app */;
			productType = "com.apple.product-type.application";
		};
/* End PBXNativeTarget section */

/* Begin PBXProject section */
		5C4DC316214D53D1002777EC /* Project object */ = {
			isa = PBXProject;
			attributes = {
				LastUpgradeCheck = 0940;
				ORGANIZATIONNAME = lianleven;
				TargetAttributes = {
					5C4DC31D214D53D1002777EC = {
						CreatedOnToolsVersion = 9.4.1;
					};
				};
			};
			buildConfigurationList = 5C4DC319214D53D1002777EC /* Build configuration list for PBXProject "ViewLayout" */;
			compatibilityVersion = "Xcode 9.3";
			developmentRegion = en;
			hasScannedForEncodings = 0;
			knownRegions = (
				en,
				Base,
			);
			mainGroup = 5C4DC315214D53D1002777EC;
			productRefGroup = 5C4DC31F214D53D1002777EC /* Products */;
			projectDirPath = "";
			projectRoot = "";
			targets = (
				5C4DC31D214D53D1002777EC /* ViewLayout */,
			);
		};
/* End PBXProject section */

/* Begin PBXResourcesBuildPhase section */
		5C4DC31C214D53D1002777EC /* Resources */ = {
			isa = PBXResourcesBuildPhase;
			buildActionMask = 2147483647;
			files = (
				5C4DC32E214D53D3002777EC /* LaunchScreen.storyboard in Resources */,
				5C4DC32B214D53D3002777EC /* Assets.xcassets in Resources */,
				5C4DC329214D53D1002777EC /* Main.storyboard in Resources */,
			);
			runOnlyForDeploymentPostprocessing = 0;
		};
/* End PBXResourcesBuildPhase section */

/* Begin PBXSourcesBuildPhase section */
		5C4DC31A214D53D1002777EC /* Sources */ = {
			isa = PBXSourcesBuildPhase;
			buildActionMask = 2147483647;
			files = (
				5C4DC326214D53D1002777EC /* ViewController.m in Sources */,
				5C4DC331214D53D3002777EC /* main.m in Sources */,
				5C4DC347214D71CD002777EC /* LLExampleUpdateView.m in Sources */,
				5C4DC344214D61AC002777EC /* LLExampleBasicView.m in Sources */,
				5CF06D80218C08DB008DE60D /* UIView+Layout.m in Sources */,
				5C4DC34E214DEC43002777EC /* LLExampleRemakeView.m in Sources */,
				5C4DC323214D53D1002777EC /* AppDelegate.m in Sources */,
				5C4DC340214D60E9002777EC /* LLExampleViewController.m in Sources */,
			);
			runOnlyForDeploymentPostprocessing = 0;
		};
/* End PBXSourcesBuildPhase section */

/* Begin PBXVariantGroup section */
		5C4DC327214D53D1002777EC /* Main.storyboard */ = {
			isa = PBXVariantGroup;
			children = (
				5C4DC328214D53D1002777EC /* Base */,
			);
			name = Main.storyboard;
			sourceTree = "<group>";
		};
		5C4DC32C214D53D3002777EC /* LaunchScreen.storyboard */ = {
			isa = PBXVariantGroup;
			children = (
				5C4DC32D214D53D3002777EC /* Base */,
			);
			name = LaunchScreen.storyboard;
			sourceTree = "<group>";
		};
/* End PBXVariantGroup section */

/* Begin XCBuildConfiguration section */
		5C4DC332214D53D3002777EC /* Debug */ = {
			isa = XCBuildConfiguration;
			buildSettings = {
				ALWAYS_SEARCH_USER_PATHS = NO;
				CLANG_ANALYZER_NONNULL = YES;
				CLANG_ANALYZER_NUMBER_OBJECT_CONVERSION = YES_AGGRESSIVE;
				CLANG_CXX_LANGUAGE_STANDARD = "gnu++14";
				CLANG_CXX_LIBRARY = "libc++";
				CLANG_ENABLE_MODULES = YES;
				CLANG_ENABLE_OBJC_ARC = YES;
				CLANG_ENABLE_OBJC_WEAK = YES;
				CLANG_WARN_BLOCK_CAPTURE_AUTORELEASING = YES;
				CLANG_WARN_BOOL_CONVERSION = YES;
				CLANG_WARN_COMMA = YES;
				CLANG_WARN_CONSTANT_CONVERSION = YES;
				CLANG_WARN_DEPRECATED_OBJC_IMPLEMENTATIONS = YES;
				CLANG_WARN_DIRECT_OBJC_ISA_USAGE = YES_ERROR;
				CLANG_WARN_DOCUMENTATION_COMMENTS = YES;
				CLANG_WARN_EMPTY_BODY = YES;
				CLANG_WARN_ENUM_CONVERSION = YES;
				CLANG_WARN_INFINITE_RECURSION = YES;
				CLANG_WARN_INT_CONVERSION = YES;
				CLANG_WARN_NON_LITERAL_NULL_CONVERSION = YES;
				CLANG_WARN_OBJC_IMPLICIT_RETAIN_SELF = YES;
				CLANG_WARN_OBJC_LITERAL_CONVERSION = YES;
				CLANG_WARN_OBJC_ROOT_CLASS = YES_ERROR;
				CLANG_WARN_RANGE_LOOP_ANALYSIS = YES;
				CLANG_WARN_STRICT_PROTOTYPES = YES;
				CLANG_WARN_SUSPICIOUS_MOVE = YES;
				CLANG_WARN_UNGUARDED_AVAILABILITY = YES_AGGRESSIVE;
				CLANG_WARN_UNREACHABLE_CODE = YES;
				CLANG_WARN__DUPLICATE_METHOD_MATCH = YES;
				CODE_SIGN_IDENTITY = "iPhone Developer";
				COPY_PHASE_STRIP = NO;
				DEBUG_INFORMATION_FORMAT = dwarf;
				ENABLE_STRICT_OBJC_MSGSEND = YES;
				ENABLE_TESTABILITY = YES;
				GCC_C_LANGUAGE_STANDARD = gnu11;
				GCC_DYNAMIC_NO_PIC = NO;
				GCC_NO_COMMON_BLOCKS = YES;
				GCC_OPTIMIZATION_LEVEL = 0;
				GCC_PREPROCESSOR_DEFINITIONS = (
					"DEBUG=1",
					"$(inherited)",
				);
				GCC_WARN_64_TO_32_BIT_CONVERSION = YES;
				GCC_WARN_ABOUT_RETURN_TYPE = YES_ERROR;
				GCC_WARN_UNDECLARED_SELECTOR = YES;
				GCC_WARN_UNINITIALIZED_AUTOS = YES_AGGRESSIVE;
				GCC_WARN_UNUSED_FUNCTION = YES;
				GCC_WARN_UNUSED_VARIABLE = YES;
				IPHONEOS_DEPLOYMENT_TARGET = 11.4;
				MTL_ENABLE_DEBUG_INFO = YES;
				ONLY_ACTIVE_ARCH = YES;
				SDKROOT = iphoneos;
			};
			name = Debug;
		};
		5C4DC333214D53D3002777EC /* Release */ = {
			isa = XCBuildConfiguration;
			buildSettings = {
				ALWAYS_SEARCH_USER_PATHS = NO;
				CLANG_ANALYZER_NONNULL = YES;
				CLANG_ANALYZER_NUMBER_OBJECT_CONVERSION = YES_AGGRESSIVE;
				CLANG_CXX_LANGUAGE_STANDARD = "gnu++14";
				CLANG_CXX_LIBRARY = "libc++";
				CLANG_ENABLE_MODULES = YES;
				CLANG_ENABLE_OBJC_ARC = YES;
				CLANG_ENABLE_OBJC_WEAK = YES;
				CLANG_WARN_BLOCK_CAPTURE_AUTORELEASING = YES;
				CLANG_WARN_BOOL_CONVERSION = YES;
				CLANG_WARN_COMMA = YES;
				CLANG_WARN_CONSTANT_CONVERSION = YES;
				CLANG_WARN_DEPRECATED_OBJC_IMPLEMENTATIONS = YES;
				CLANG_WARN_DIRECT_OBJC_ISA_USAGE = YES_ERROR;
				CLANG_WARN_DOCUMENTATION_COMMENTS = YES;
				CLANG_WARN_EMPTY_BODY = YES;
				CLANG_WARN_ENUM_CONVERSION = YES;
				CLANG_WARN_INFINITE_RECURSION = YES;
				CLANG_WARN_INT_CONVERSION = YES;
				CLANG_WARN_NON_LITERAL_NULL_CONVERSION = YES;
				CLANG_WARN_OBJC_IMPLICIT_RETAIN_SELF = YES;
				CLANG_WARN_OBJC_LITERAL_CONVERSION = YES;
				CLANG_WARN_OBJC_ROOT_CLASS = YES_ERROR;
				CLANG_WARN_RANGE_LOOP_ANALYSIS = YES;
				CLANG_WARN_STRICT_PROTOTYPES = YES;
				CLANG_WARN_SUSPICIOUS_MOVE = YES;
				CLANG_WARN_UNGUARDED_AVAILABILITY = YES_AGGRESSIVE;
				CLANG_WARN_UNREACHABLE_CODE = YES;
				CLANG_WARN__DUPLICATE_METHOD_MATCH = YES;
				CODE_SIGN_IDENTITY = "iPhone Developer";
				COPY_PHASE_STRIP = NO;
				DEBUG_INFORMATION_FORMAT = "dwarf-with-dsym";
				ENABLE_NS_ASSERTIONS = NO;
				ENABLE_STRICT_OBJC_MSGSEND = YES;
				GCC_C_LANGUAGE_STANDARD = gnu11;
				GCC_NO_COMMON_BLOCKS = YES;
				GCC_WARN_64_TO_32_BIT_CONVERSION = YES;
				GCC_WARN_ABOUT_RETURN_TYPE = YES_ERROR;
				GCC_WARN_UNDECLARED_SELECTOR = YES;
				GCC_WARN_UNINITIALIZED_AUTOS = YES_AGGRESSIVE;
				GCC_WARN_UNUSED_FUNCTION = YES;
				GCC_WARN_UNUSED_VARIABLE = YES;
				IPHONEOS_DEPLOYMENT_TARGET = 11.4;
				MTL_ENABLE_DEBUG_INFO = NO;
				SDKROOT = iphoneos;
				VALIDATE_PRODUCT = YES;
			};
			name = Release;
		};
		5C4DC335214D53D3002777EC /* Debug */ = {
			isa = XCBuildConfiguration;
			buildSettings = {
				ASSETCATALOG_COMPILER_APPICON_NAME = AppIcon;
				CODE_SIGN_STYLE = Automatic;
				DEVELOPMENT_TEAM = 23L8QXV2FB;
				INFOPLIST_FILE = ViewLayout/Info.plist;
				LD_RUNPATH_SEARCH_PATHS = (
					"$(inherited)",
					"@executable_path/Frameworks",
				);
				PRODUCT_BUNDLE_IDENTIFIER = lianleven.ViewLayout;
				PRODUCT_NAME = "$(TARGET_NAME)";
				TARGETED_DEVICE_FAMILY = "1,2";
			};
			name = Debug;
		};
		5C4DC336214D53D3002777EC /* Release */ = {
			isa = XCBuildConfiguration;
			buildSettings = {
				ASSETCATALOG_COMPILER_APPICON_NAME = AppIcon;
				CODE_SIGN_STYLE = Automatic;
				DEVELOPMENT_TEAM = 23L8QXV2FB;
				INFOPLIST_FILE = ViewLayout/Info.plist;
				LD_RUNPATH_SEARCH_PATHS = (
					"$(inherited)",
					"@executable_path/Frameworks",
				);
				PRODUCT_BUNDLE_IDENTIFIER = lianleven.ViewLayout;
				PRODUCT_NAME = "$(TARGET_NAME)";
				TARGETED_DEVICE_FAMILY = "1,2";
			};
			name = Release;
		};
/* End XCBuildConfiguration section */

/* Begin XCConfigurationList section */
		5C4DC319214D53D1002777EC /* Build configuration list for PBXProject "ViewLayout" */ = {
			isa = XCConfigurationList;
			buildConfigurations = (
				5C4DC332214D53D3002777EC /* Debug */,
				5C4DC333214D53D3002777EC /* Release */,
			);
			defaultConfigurationIsVisible = 0;
			defaultConfigurationName = Release;
		};
		5C4DC334214D53D3002777EC /* Build configuration list for PBXNativeTarget "ViewLayout" */ = {
			isa = XCConfigurationList;
			buildConfigurations = (
				5C4DC335214D53D3002777EC /* Debug */,
				5C4DC336214D53D3002777EC /* Release */,
			);
			defaultConfigurationIsVisible = 0;
			defaultConfigurationName = Release;
		};
/* End XCConfigurationList section */
	};
	rootObject = 5C4DC316214D53D1002777EC /* Project object */;
}
